lockfileVersion: '9.0'

settings:
  autoInstallPeers: true
  excludeLinksFromLockfile: false

importers:

  .:
    dependencies:
      '@bufbuild/protobuf':
        specifier: ^2.6.2
        version: 2.6.2
      '@connectrpc/connect':
        specifier: ^2.0.3
        version: 2.0.3(@bufbuild/protobuf@2.6.2)
      '@connectrpc/connect-fastify':
        specifier: ^2.0.3
        version: 2.0.3(@bufbuild/protobuf@2.6.2)(@connectrpc/connect-node@2.0.3(@bufbuild/protobuf@2.6.2)(@connectrpc/connect@2.0.3(@bufbuild/protobuf@2.6.2)))(@connectrpc/connect@2.0.3(@bufbuild/protobuf@2.6.2))(fastify@4.29.1)
      '@connectrpc/connect-node':
        specifier: ^2.0.3
        version: 2.0.3(@bufbuild/protobuf@2.6.2)(@connectrpc/connect@2.0.3(@bufbuild/protobuf@2.6.2))
      fastify:
        specifier: ^4.24.0
        version: 4.29.1
    devDependencies:
      '@bufbuild/buf':
        specifier: ^1.55.1
        version: 1.55.1
      '@bufbuild/protoc-gen-es':
        specifier: ^2.6.2
        version: 2.6.2(@bufbuild/protobuf@2.6.2)

packages:

  '@bufbuild/buf-darwin-arm64@1.55.1':
    resolution: {integrity: sha512-g76yEF2ALyjj+R8KVoIjPPS7zaPy6VDWg2b5PCCK04fKTbe5jyzOdYdvNyuM5hO8xpRPBjBrqO6LUAfS+0aRCQ==}
    engines: {node: '>=12'}
    cpu: [arm64]
    os: [darwin]

  '@bufbuild/buf-darwin-x64@1.55.1':
    resolution: {integrity: sha512-hCkatzlV7DwHWEyzzcpsZgLtxABidT/EYBmLTy6oSCHimOJzR1c5ezKe75tX7myDAfV0HZExIM7+cSsWg3dTPg==}
    engines: {node: '>=12'}
    cpu: [x64]
    os: [darwin]

  '@bufbuild/buf-linux-aarch64@1.55.1':
    resolution: {integrity: sha512-hA4jGPZ2N+FUZt03w+hPt6YsbhAdOh2gNKBQnuysj8kdTqZ4mw1wCOUoRg9h7eqOr/2XCcOibWYO36H2eS2OYQ==}
    engines: {node: '>=12'}
    cpu: [arm64]
    os: [linux]

  '@bufbuild/buf-linux-armv7@1.55.1':
    resolution: {integrity: sha512-npnzJSAZRUdh8+fmgsbXt+dogA+iU/i/qWh+3XhdLXW220nWpd1jAXcpquaVfer8EwMEcYjqVf8FA7IXOgjGXw==}
    engines: {node: '>=12'}
    cpu: [arm]
    os: [linux]

  '@bufbuild/buf-linux-x64@1.55.1':
    resolution: {integrity: sha512-/48IjSA1kh/8kZl1bcDkikgH+9BMnPhhVqad+R7+3ttYOFqifet3n+hf2ipA26NtTpTfvOSRXj1tdx/80x0I1g==}
    engines: {node: '>=12'}
    cpu: [x64]
    os: [linux]

  '@bufbuild/buf-win32-arm64@1.55.1':
    resolution: {integrity: sha512-CE+jAN1ikRTIdny6Q/geccKsLhy4QEXzUaJUfAiUXqjSW2u/Et7+p9Wh6xUgXcSuIoz1aw8MVuCESrNMBt6LBg==}
    engines: {node: '>=12'}
    cpu: [arm64]
    os: [win32]

  '@bufbuild/buf-win32-x64@1.55.1':
    resolution: {integrity: sha512-C4VYS96YBJkLhIKH6yh8BqHgIjqGe+G6yuAOOKxWsYdx3QbT5LYOr38AP1bzkFm0Gz9jOOr5n0pmAFwsOLYjiw==}
    engines: {node: '>=12'}
    cpu: [x64]
    os: [win32]

  '@bufbuild/buf@1.55.1':
    resolution: {integrity: sha512-V9tpe2XlRVyq33cct2lNz9nDDQG95WbPKlxQkMKt5i7tPsfqE3vzbGiEC96K0QJWhIU28OkjYD8+1SyYKBWVYg==}
    engines: {node: '>=12'}
    hasBin: true

  '@bufbuild/protobuf@2.6.2':
    resolution: {integrity: sha512-vLu7SRY84CV/Dd+NUdgtidn2hS5hSMUC1vDBY0VcviTdgRYkU43vIz3vIFbmx14cX1r+mM7WjzE5Fl1fGEM0RQ==}

  '@bufbuild/protoc-gen-es@2.6.2':
    resolution: {integrity: sha512-23oadoLfK9E+p5jLulwz9fRf8oE4JiwbMp7/CXdogNhuADJxpbfnCV+2ByJgG+QTU+uaGQBro79XqO2CQdzRMQ==}
    engines: {node: '>=14'}
    hasBin: true
    peerDependencies:
      '@bufbuild/protobuf': 2.6.2
    peerDependenciesMeta:
      '@bufbuild/protobuf':
        optional: true

  '@bufbuild/protoplugin@2.6.2':
    resolution: {integrity: sha512-EYVPnRXOkWuqBDqRYhLsquOnk5SGU2Ce3lAOBDEZyntHwu0xcjcIZeTI+as+HnArtcJwrXK0u6x3Rtmt2IcHlA==}

  '@connectrpc/connect-fastify@2.0.3':
    resolution: {integrity: sha512-GJNMJHlFaAc6GeEIr81tzn4QgwWBIOqJUsRgseHHwRi8BVZIakQuakLN28VWVwzEMc/HEmgtqmXTFUrJbE2YCQ==}
    engines: {node: '>=18.14.1'}
    peerDependencies:
      '@bufbuild/protobuf': ^2.2.0
      '@connectrpc/connect': 2.0.3
      '@connectrpc/connect-node': 2.0.3
      fastify: ^4.22.1 || ^5.1.0

  '@connectrpc/connect-node@2.0.3':
    resolution: {integrity: sha512-GZ8WXBCeoZY31wzmnrrV4IA0nvYzEwqt9yHg304b7y/ovKh0IEbBuSWbee/hJu2Tt7PD0C8D4WUwheECCeLpQA==}
    engines: {node: '>=18.14.1'}
    peerDependencies:
      '@bufbuild/protobuf': ^2.2.0
      '@connectrpc/connect': 2.0.3

  '@connectrpc/connect@2.0.3':
    resolution: {integrity: sha512-jAbVMHVtDCydGt2P20VpmLjbLtERqSV0RMSyQF3k2zhK8pzQ2QaCAcyVhufClqrOAFZUKL5BqVYtttaxvhmRgg==}
    peerDependencies:
      '@bufbuild/protobuf': ^2.2.0

  '@fastify/ajv-compiler@3.6.0':
    resolution: {integrity: sha512-LwdXQJjmMD+GwLOkP7TVC68qa+pSSogeWWmznRJ/coyTcfe9qA05AHFSe1eZFwK6q+xVRpChnvFUkf1iYaSZsQ==}

  '@fastify/error@3.4.1':
    resolution: {integrity: sha512-wWSvph+29GR783IhmvdwWnN4bUxTD01Vm5Xad4i7i1VuAOItLvbPAb69sb0IQ2N57yprvhNIwAP5B6xfKTmjmQ==}

  '@fastify/fast-json-stringify-compiler@4.3.0':
    resolution: {integrity: sha512-aZAXGYo6m22Fk1zZzEUKBvut/CIIQe/BapEORnxiD5Qr0kPHqqI69NtEMCme74h+at72sPhbkb4ZrLd1W3KRLA==}

  '@fastify/merge-json-schemas@0.1.1':
    resolution: {integrity: sha512-fERDVz7topgNjtXsJTTW1JKLy0rhuLRcquYqNR9rF7OcVpCa2OVW49ZPDIhaRRCaUuvVxI+N416xUoF76HNSXA==}

  '@typescript/vfs@1.6.1':
    resolution: {integrity: sha512-JwoxboBh7Oz1v38tPbkrZ62ZXNHAk9bJ7c9x0eI5zBfBnBYGhURdbnh7Z4smN/MV48Y5OCcZb58n972UtbazsA==}
    peerDependencies:
      typescript: '*'

  abstract-logging@2.0.1:
    resolution: {integrity: sha512-2BjRTZxTPvheOvGbBslFSYOUkr+SjPtOnrLP33f+VIWLzezQpZcqVg7ja3L4dBXmzzgwT+a029jRx5PCi3JuiA==}

  ajv-formats@2.1.1:
    resolution: {integrity: sha512-Wx0Kx52hxE7C18hkMEggYlEifqWZtYaRgouJor+WMdPnQyEK13vgEWyVNup7SoeeoLMsr4kf5h6dOW11I15MUA==}
    peerDependencies:
      ajv: ^8.0.0
    peerDependenciesMeta:
      ajv:
        optional: true

  ajv-formats@3.0.1:
    resolution: {integrity: sha512-8iUql50EUR+uUcdRQ3HDqa6EVyo3docL8g5WJ3FNcWmu62IbkGUue/pEyLBW8VGKKucTPgqeks4fIU1DA4yowQ==}
    peerDependencies:
      ajv: ^8.0.0
    peerDependenciesMeta:
      ajv:
        optional: true

  ajv@8.17.1:
    resolution: {integrity: sha512-B/gBuNg5SiMTrPkC+A2+cW0RszwxYmn6VYxB/inlBStS5nx6xHIt/ehKRhIMhqusl7a8LjQoZnjCs5vhwxOQ1g==}

  atomic-sleep@1.0.0:
    resolution: {integrity: sha512-kNOjDqAh7px0XWNI+4QbzoiR/nTkHAWNud2uvnJquD1/x5a7EQZMJT0AczqK0Qn67oY/TTQ1LbUKajZpp3I9tQ==}
    engines: {node: '>=8.0.0'}

  avvio@8.4.0:
    resolution: {integrity: sha512-CDSwaxINFy59iNwhYnkvALBwZiTydGkOecZyPkqBpABYR1KqGEsET0VOOYDwtleZSUIdeY36DC2bSZ24CO1igA==}

  cookie@0.7.2:
    resolution: {integrity: sha512-yki5XnKuf750l50uGTllt6kKILY4nQ1eNIQatoXEByZ5dWgnKqbnqmTrBE5B4N7lrMJKQ2ytWMiTO2o0v6Ew/w==}
    engines: {node: '>= 0.6'}

  debug@4.4.1:
    resolution: {integrity: sha512-KcKCqiftBJcZr++7ykoDIEwSa3XWowTfNPo92BYxjXiyYEVrUQh2aLyhxBCwww+heortUFxEJYcRzosstTEBYQ==}
    engines: {node: '>=6.0'}
    peerDependencies:
      supports-color: '*'
    peerDependenciesMeta:
      supports-color:
        optional: true

  fast-content-type-parse@1.1.0:
    resolution: {integrity: sha512-fBHHqSTFLVnR61C+gltJuE5GkVQMV0S2nqUO8TJ+5Z3qAKG8vAx4FKai1s5jq/inV1+sREynIWSuQ6HgoSXpDQ==}

  fast-decode-uri-component@1.0.1:
    resolution: {integrity: sha512-WKgKWg5eUxvRZGwW8FvfbaH7AXSh2cL+3j5fMGzUMCxWBJ3dV3a7Wz8y2f/uQ0e3B6WmodD3oS54jTQ9HVTIIg==}

  fast-deep-equal@3.1.3:
    resolution: {integrity: sha512-f3qQ9oQy9j2AhBe/H9VC91wLmKBCCU/gDOnKNAYG5hswO7BLKj09Hc5HYNz9cGI++xlpDCIgDaitVs03ATR84Q==}

  fast-json-stringify@5.16.1:
    resolution: {integrity: sha512-KAdnLvy1yu/XrRtP+LJnxbBGrhN+xXu+gt3EUvZhYGKCr3lFHq/7UFJHHFgmJKoqlh6B40bZLEv7w46B0mqn1g==}

  fast-querystring@1.1.2:
    resolution: {integrity: sha512-g6KuKWmFXc0fID8WWH0jit4g0AGBoJhCkJMb1RmbsSEUNvQ+ZC8D6CUZ+GtF8nMzSPXnhiePyyqqipzNNEnHjg==}

  fast-redact@3.5.0:
    resolution: {integrity: sha512-dwsoQlS7h9hMeYUq1W++23NDcBLV4KqONnITDV9DjfS3q1SgDGVrBdvvTLUotWtPSD7asWDV9/CmsZPy8Hf70A==}
    engines: {node: '>=6'}

  fast-uri@2.4.0:
    resolution: {integrity: sha512-ypuAmmMKInk5q7XcepxlnUWDLWv4GFtaJqAzWKqn62IpQ3pejtr5dTVbt3vwqVaMKmkNR55sTT+CqUKIaT21BA==}

  fast-uri@3.0.6:
    resolution: {integrity: sha512-Atfo14OibSv5wAp4VWNsFYE1AchQRTv9cBGWET4pZWHzYshFSS9NQI6I57rdKn9croWVMbYFbLhJ+yJvmZIIHw==}

  fastify@4.29.1:
    resolution: {integrity: sha512-m2kMNHIG92tSNWv+Z3UeTR9AWLLuo7KctC7mlFPtMEVrfjIhmQhkQnT9v15qA/BfVq3vvj134Y0jl9SBje3jXQ==}

  fastq@1.19.1:
    resolution: {integrity: sha512-GwLTyxkCXjXbxqIhTsMI2Nui8huMPtnxg7krajPJAjnEG/iiOS7i+zCtWGZR9G0NBKbXKh6X9m9UIsYX/N6vvQ==}

  find-my-way@8.2.2:
    resolution: {integrity: sha512-Dobi7gcTEq8yszimcfp/R7+owiT4WncAJ7VTTgFH1jYJ5GaG1FbhjwDG820hptN0QDFvzVY3RfCzdInvGPGzjA==}
    engines: {node: '>=14'}

  forwarded@0.2.0:
    resolution: {integrity: sha512-buRG0fpBtRHSTCOASe6hD258tEubFoRLb4ZNA6NxMVHNw2gOcwHo9wyablzMzOA5z9xA9L1KNjk/Nt6MT9aYow==}
    engines: {node: '>= 0.6'}

  ipaddr.js@1.9.1:
    resolution: {integrity: sha512-0KI/607xoxSToH7GjN1FfSbLoU0+btTicjsQSWQlh/hZykN8KpmMf7uYwPW3R+akZ6R/w18ZlXSHBYXiYUPO3g==}
    engines: {node: '>= 0.10'}

  json-schema-ref-resolver@1.0.1:
    resolution: {integrity: sha512-EJAj1pgHc1hxF6vo2Z3s69fMjO1INq6eGHXZ8Z6wCQeldCuwxGK9Sxf4/cScGn3FZubCVUehfWtcDM/PLteCQw==}

  json-schema-traverse@1.0.0:
    resolution: {integrity: sha512-NM8/P9n3XjXhIZn1lLhkFaACTOURQXjWhV4BA/RnOv8xvgqtqpAX9IO4mRQxSx1Rlo4tqzeqb0sOlruaOy3dug==}

  light-my-request@5.14.0:
    resolution: {integrity: sha512-aORPWntbpH5esaYpGOOmri0OHDOe3wC5M2MQxZ9dvMLZm6DnaAn0kJlcbU9hwsQgLzmZyReKwFwwPkR+nHu5kA==}

  ms@2.1.3:
    resolution: {integrity: sha512-6FlzubTLZG3J2a/NVCAleEhjzq5oxgHyaCU9yYXvcLsvoVaHJq/s5xXI6/XXP6tz7R9xAOtHnSO/tXtF3WRTlA==}

  on-exit-leak-free@2.1.2:
    resolution: {integrity: sha512-0eJJY6hXLGf1udHwfNftBqH+g73EU4B504nZeKpz1sYRKafAghwxEJunB2O7rDZkL4PGfsMVnTXZ2EjibbqcsA==}
    engines: {node: '>=14.0.0'}

  pino-abstract-transport@2.0.0:
    resolution: {integrity: sha512-F63x5tizV6WCh4R6RHyi2Ml+M70DNRXt/+HANowMflpgGFMAym/VKm6G7ZOQRjqN7XbGxK1Lg9t6ZrtzOaivMw==}

  pino-std-serializers@7.0.0:
    resolution: {integrity: sha512-e906FRY0+tV27iq4juKzSYPbUj2do2X2JX4EzSca1631EB2QJQUqGbDuERal7LCtOpxl6x3+nvo9NPZcmjkiFA==}

  pino@9.7.0:
    resolution: {integrity: sha512-vnMCM6xZTb1WDmLvtG2lE/2p+t9hDEIvTWJsu6FejkE62vB7gDhvzrpFR4Cw2to+9JNQxVnkAKVPA1KPB98vWg==}
    hasBin: true

  process-warning@3.0.0:
    resolution: {integrity: sha512-mqn0kFRl0EoqhnL0GQ0veqFHyIN1yig9RHh/InzORTUiZHFRAur+aMtRkELNwGs9aNwKS6tg/An4NYBPGwvtzQ==}

  process-warning@5.0.0:
    resolution: {integrity: sha512-a39t9ApHNx2L4+HBnQKqxxHNs1r7KF+Intd8Q/g1bUh6q0WIp9voPXJ/x0j+ZL45KF1pJd9+q2jLIRMfvEshkA==}

  proxy-addr@2.0.7:
    resolution: {integrity: sha512-llQsMLSUDUPT44jdrU/O37qlnifitDP+ZwrmmZcoSKyLKvtZxpyV0n2/bD/N4tBAAZ/gJEdZU7KMraoK1+XYAg==}
    engines: {node: '>= 0.10'}

  quick-format-unescaped@4.0.4:
    resolution: {integrity: sha512-tYC1Q1hgyRuHgloV/YXs2w15unPVh8qfu/qCTfhTYamaw7fyhumKa2yGpdSo87vY32rIclj+4fWYQXUMs9EHvg==}

  real-require@0.2.0:
    resolution: {integrity: sha512-57frrGM/OCTLqLOAh0mhVA9VBMHd+9U7Zb2THMGdBUoZVOtGbJzjxsYGDJ3A9AYYCP4hn6y1TVbaOfzWtm5GFg==}
    engines: {node: '>= 12.13.0'}

  require-from-string@2.0.2:
    resolution: {integrity: sha512-Xf0nWe6RseziFMu+Ap9biiUbmplq6S9/p+7w7YXP/JBHhrUDDUhwa+vANyubuqfZWTveU//DYVGsDG7RKL/vEw==}
    engines: {node: '>=0.10.0'}

  ret@0.4.3:
    resolution: {integrity: sha512-0f4Memo5QP7WQyUEAYUO3esD/XjOc3Zjjg5CPsAq1p8sIu0XPeMbHJemKA0BO7tV0X7+A0FoEpbmHXWxPyD3wQ==}
    engines: {node: '>=10'}

  reusify@1.1.0:
    resolution: {integrity: sha512-g6QUff04oZpHs0eG5p83rFLhHeV00ug/Yf9nZM6fLeUrPguBTkTQOdpAWWspMh55TZfVQDPaN3NQJfbVRAxdIw==}
    engines: {iojs: '>=1.0.0', node: '>=0.10.0'}

  rfdc@1.4.1:
    resolution: {integrity: sha512-q1b3N5QkRUWUl7iyylaaj3kOpIT0N2i9MqIEQXP73GVsN9cw3fdx8X63cEmWhJGi2PPCF23Ijp7ktmd39rawIA==}

  safe-regex2@3.1.0:
    resolution: {integrity: sha512-RAAZAGbap2kBfbVhvmnTFv73NWLMvDGOITFYTZBAaY8eR+Ir4ef7Up/e7amo+y1+AH+3PtLkrt9mvcTsG9LXug==}

  safe-stable-stringify@2.5.0:
    resolution: {integrity: sha512-b3rppTKm9T+PsVCBEOUR46GWI7fdOs00VKZ1+9c1EWDaDMvjQc6tUwuFyIprgGgTcWoVHSKrU8H31ZHA2e0RHA==}
    engines: {node: '>=10'}

  secure-json-parse@2.7.0:
    resolution: {integrity: sha512-6aU+Rwsezw7VR8/nyvKTx8QpWH9FrcYiXXlqC4z5d5XQBDRqtbfsRjnwGyqbi3gddNtWHuEk9OANUotL26qKUw==}

  semver@7.7.2:
    resolution: {integrity: sha512-RF0Fw+rO5AMf9MAyaRXI4AV0Ulj5lMHqVxxdSgiVbixSCXoEmmX/jk0CuJw4+3SqroYO9VoUh+HcuJivvtJemA==}
    engines: {node: '>=10'}
    hasBin: true

  set-cookie-parser@2.7.1:
    resolution: {integrity: sha512-IOc8uWeOZgnb3ptbCURJWNjWUPcO3ZnTTdzsurqERrP6nPyv+paC55vJM0LpOlT2ne+Ix+9+CRG1MNLlyZ4GjQ==}

  sonic-boom@4.2.0:
    resolution: {integrity: sha512-INb7TM37/mAcsGmc9hyyI6+QR3rR1zVRu36B0NeGXKnOOLiZOfER5SA+N7X7k3yUYRzLWafduTDvJAfDswwEww==}

  split2@4.2.0:
    resolution: {integrity: sha512-UcjcJOWknrNkF6PLX83qcHM6KHgVKNkV62Y8a5uYDVv9ydGQVwAHMKqHdJje1VTWpljG0WYpCDhrCdAOYH4TWg==}
    engines: {node: '>= 10.x'}

  thread-stream@3.1.0:
    resolution: {integrity: sha512-OqyPZ9u96VohAyMfJykzmivOrY2wfMSf3C5TtFJVgN+Hm6aj+voFhlK+kZEIv2FBh1X6Xp3DlnCOfEQ3B2J86A==}

  toad-cache@3.7.0:
    resolution: {integrity: sha512-/m8M+2BJUpoJdgAHoG+baCwBT+tf2VraSfkBgl0Y00qIWt41DJ8R5B8nsEw0I58YwF5IZH6z24/2TobDKnqSWw==}
    engines: {node: '>=12'}

  typescript@5.4.5:
    resolution: {integrity: sha512-vcI4UpRgg81oIRUFwR0WSIHKt11nJ7SAVlYNIu+QpqeyXP+gpQJy/Z4+F0aGxSE4MqwjyXvW/TzgkLAx2AGHwQ==}
    engines: {node: '>=14.17'}
    hasBin: true

snapshots:

  '@bufbuild/buf-darwin-arm64@1.55.1':
    optional: true

  '@bufbuild/buf-darwin-x64@1.55.1':
    optional: true

  '@bufbuild/buf-linux-aarch64@1.55.1':
    optional: true

  '@bufbuild/buf-linux-armv7@1.55.1':
    optional: true

  '@bufbuild/buf-linux-x64@1.55.1':
    optional: true

  '@bufbuild/buf-win32-arm64@1.55.1':
    optional: true

  '@bufbuild/buf-win32-x64@1.55.1':
    optional: true

  '@bufbuild/buf@1.55.1':
    optionalDependencies:
      '@bufbuild/buf-darwin-arm64': 1.55.1
      '@bufbuild/buf-darwin-x64': 1.55.1
      '@bufbuild/buf-linux-aarch64': 1.55.1
      '@bufbuild/buf-linux-armv7': 1.55.1
      '@bufbuild/buf-linux-x64': 1.55.1
      '@bufbuild/buf-win32-arm64': 1.55.1
      '@bufbuild/buf-win32-x64': 1.55.1

  '@bufbuild/protobuf@2.6.2': {}

  '@bufbuild/protoc-gen-es@2.6.2(@bufbuild/protobuf@2.6.2)':
    dependencies:
      '@bufbuild/protoplugin': 2.6.2
    optionalDependencies:
      '@bufbuild/protobuf': 2.6.2
    transitivePeerDependencies:
      - supports-color

  '@bufbuild/protoplugin@2.6.2':
    dependencies:
      '@bufbuild/protobuf': 2.6.2
      '@typescript/vfs': 1.6.1(typescript@5.4.5)
      typescript: 5.4.5
    transitivePeerDependencies:
      - supports-color

  '@connectrpc/connect-fastify@2.0.3(@bufbuild/protobuf@2.6.2)(@connectrpc/connect-node@2.0.3(@bufbuild/protobuf@2.6.2)(@connectrpc/connect@2.0.3(@bufbuild/protobuf@2.6.2)))(@connectrpc/connect@2.0.3(@bufbuild/protobuf@2.6.2))(fastify@4.29.1)':
    dependencies:
      '@bufbuild/protobuf': 2.6.2
      '@connectrpc/connect': 2.0.3(@bufbuild/protobuf@2.6.2)
      '@connectrpc/connect-node': 2.0.3(@bufbuild/protobuf@2.6.2)(@connectrpc/connect@2.0.3(@bufbuild/protobuf@2.6.2))
      fastify: 4.29.1

  '@connectrpc/connect-node@2.0.3(@bufbuild/protobuf@2.6.2)(@connectrpc/connect@2.0.3(@bufbuild/protobuf@2.6.2))':
    dependencies:
      '@bufbuild/protobuf': 2.6.2
      '@connectrpc/connect': 2.0.3(@bufbuild/protobuf@2.6.2)

  '@connectrpc/connect@2.0.3(@bufbuild/protobuf@2.6.2)':
    dependencies:
      '@bufbuild/protobuf': 2.6.2

  '@fastify/ajv-compiler@3.6.0':
    dependencies:
      ajv: 8.17.1
      ajv-formats: 2.1.1(ajv@8.17.1)
      fast-uri: 2.4.0

  '@fastify/error@3.4.1': {}

  '@fastify/fast-json-stringify-compiler@4.3.0':
    dependencies:
      fast-json-stringify: 5.16.1

  '@fastify/merge-json-schemas@0.1.1':
    dependencies:
      fast-deep-equal: 3.1.3

  '@typescript/vfs@1.6.1(typescript@5.4.5)':
    dependencies:
      debug: 4.4.1
      typescript: 5.4.5
    transitivePeerDependencies:
      - supports-color

  abstract-logging@2.0.1: {}

  ajv-formats@2.1.1(ajv@8.17.1):
    optionalDependencies:
      ajv: 8.17.1

  ajv-formats@3.0.1(ajv@8.17.1):
    optionalDependencies:
      ajv: 8.17.1

  ajv@8.17.1:
    dependencies:
      fast-deep-equal: 3.1.3
      fast-uri: 3.0.6
      json-schema-traverse: 1.0.0
      require-from-string: 2.0.2

  atomic-sleep@1.0.0: {}

  avvio@8.4.0:
    dependencies:
      '@fastify/error': 3.4.1
      fastq: 1.19.1

  cookie@0.7.2: {}

  debug@4.4.1:
    dependencies:
      ms: 2.1.3

  fast-content-type-parse@1.1.0: {}

  fast-decode-uri-component@1.0.1: {}

  fast-deep-equal@3.1.3: {}

  fast-json-stringify@5.16.1:
    dependencies:
      '@fastify/merge-json-schemas': 0.1.1
      ajv: 8.17.1
      ajv-formats: 3.0.1(ajv@8.17.1)
      fast-deep-equal: 3.1.3
      fast-uri: 2.4.0
      json-schema-ref-resolver: 1.0.1
      rfdc: 1.4.1

  fast-querystring@1.1.2:
    dependencies:
      fast-decode-uri-component: 1.0.1

  fast-redact@3.5.0: {}

  fast-uri@2.4.0: {}

  fast-uri@3.0.6: {}

  fastify@4.29.1:
    dependencies:
      '@fastify/ajv-compiler': 3.6.0
      '@fastify/error': 3.4.1
      '@fastify/fast-json-stringify-compiler': 4.3.0
      abstract-logging: 2.0.1
      avvio: 8.4.0
      fast-content-type-parse: 1.1.0
      fast-json-stringify: 5.16.1
      find-my-way: 8.2.2
      light-my-request: 5.14.0
      pino: 9.7.0
      process-warning: 3.0.0
      proxy-addr: 2.0.7
      rfdc: 1.4.1
      secure-json-parse: 2.7.0
      semver: 7.7.2
      toad-cache: 3.7.0

  fastq@1.19.1:
    dependencies:
      reusify: 1.1.0

  find-my-way@8.2.2:
    dependencies:
      fast-deep-equal: 3.1.3
      fast-querystring: 1.1.2
      safe-regex2: 3.1.0

  forwarded@0.2.0: {}

  ipaddr.js@1.9.1: {}

  json-schema-ref-resolver@1.0.1:
    dependencies:
      fast-deep-equal: 3.1.3

  json-schema-traverse@1.0.0: {}

  light-my-request@5.14.0:
    dependencies:
      cookie: 0.7.2
      process-warning: 3.0.0
      set-cookie-parser: 2.7.1

  ms@2.1.3: {}

  on-exit-leak-free@2.1.2: {}

  pino-abstract-transport@2.0.0:
    dependencies:
      split2: 4.2.0

  pino-std-serializers@7.0.0: {}

  pino@9.7.0:
    dependencies:
      atomic-sleep: 1.0.0
      fast-redact: 3.5.0
      on-exit-leak-free: 2.1.2
      pino-abstract-transport: 2.0.0
      pino-std-serializers: 7.0.0
      process-warning: 5.0.0
      quick-format-unescaped: 4.0.4
      real-require: 0.2.0
      safe-stable-stringify: 2.5.0
      sonic-boom: 4.2.0
      thread-stream: 3.1.0

  process-warning@3.0.0: {}

  process-warning@5.0.0: {}

  proxy-addr@2.0.7:
    dependencies:
      forwarded: 0.2.0
      ipaddr.js: 1.9.1

  quick-format-unescaped@4.0.4: {}

  real-require@0.2.0: {}

  require-from-string@2.0.2: {}

  ret@0.4.3: {}

  reusify@1.1.0: {}

  rfdc@1.4.1: {}

  safe-regex2@3.1.0:
    dependencies:
      ret: 0.4.3

  safe-stable-stringify@2.5.0: {}

  secure-json-parse@2.7.0: {}

  semver@7.7.2: {}

  set-cookie-parser@2.7.1: {}

  sonic-boom@4.2.0:
    dependencies:
      atomic-sleep: 1.0.0

  split2@4.2.0: {}

  thread-stream@3.1.0:
    dependencies:
      real-require: 0.2.0

  toad-cache@3.7.0: {}

  typescript@5.4.5: {}
